// !$*UTF8*$!
{
	archiveVersion = 1;
	classes = {
	};
	objectVersion = 46;
	objects = {

/* Begin PBXBuildFile section */
		15409E2F41AEEA58B591C2D8 /* HostAppDelegate.m in Sources */ = {isa = PBXBuildFile; fileRef = FB868CEF7680D0C9A5D16C66 /* HostAppDelegate.m */; };
		411542FD7826D81DE5362E40 /* Assets.xcassets in Resources */ = {isa = PBXBuildFile; fileRef = 15E789A0BA3090C230FA3C94 /* Assets.xcassets */; };
		53911800914859B7196D6427 /* HostTemplateProvider.m in Sources */ = {isa = PBXBuildFile; fileRef = 3067F418FCFB7161B47E1771 /* HostTemplateProvider.m */; };
		559B820FA9745BB0C923E30A /* main.m in Sources */ = {isa = PBXBuildFile; fileRef = F1709B168CEC976F7E17E829 /* main.m */; };
		11F4295C379C4DA2B3A4294B /* LynxpoLinearGradient.m in Sources */ = {isa = PBXBuildFile; fileRef = 12C835E81F724485BB16764D /* LynxpoLinearGradient.m */; };
		A8B246B0D163922E55FE045F /* host.lynx.bundle in Resources */ = {isa = PBXBuildFile; fileRef = 38B608BB675D1F6CEE568D82 /* host.lynx.bundle */; };
		AF5FC784C9734508A31DA5A4 /* LynxpoBlurView.m in Sources */ = {isa = PBXBuildFile; fileRef = 4B61A7685F5249279B227EAD /* LynxpoBlurView.m */; };
		C02083DFBB681645A5749DB0 /* Pods_LynxpoHost.framework in Frameworks */ = {isa = PBXBuildFile; fileRef = E4C0FB6D5EBF995A11B22EC7 /* Pods_LynxpoHost.framework */; };
		368DAE61F08D46CCB88AC808 /* AVFoundation.framework in Frameworks */ = {isa = PBXBuildFile; fileRef = 415A18CCC2B543148E9254E2 /* AVFoundation.framework */; };
		AD73329EFF3648B3A7912CF3 /* Metal.framework in Frameworks */ = {isa = PBXBuildFile; fileRef = CB96DFAFC2494F92BD95BAD2 /* Metal.framework */; };
		5112F7AAB7AD4680A655CC37 /* LynxpoSymbols.m in Sources */ = {isa = PBXBuildFile; fileRef = 96F7184652EB4C6E86AEBC96 /* LynxpoSymbols.m */; };
		442951B1565D41FD8B9A6A43 /* LynxpoCheckbox.m in Sources */ = {isa = PBXBuildFile; fileRef = CCB46FBF1E894275814B768D /* LynxpoCheckbox.m */; };
		1247C22BCB8A4885B4C4AFE7 /* LynxpoMeshGradient.m in Sources */ = {isa = PBXBuildFile; fileRef = DDAE4DF230144C0092EDA42C /* LynxpoMeshGradient.m */; };
		5D90A872F1A64E2490646D1F /* LynxpoGlassEffect.m in Sources */ = {isa = PBXBuildFile; fileRef = E6DEE5367AAB41309C5E68CE /* LynxpoGlassEffect.m */; };
		897F1B986EBA4BC9B2C9129A /* LynxpoImage.m in Sources */ = {isa = PBXBuildFile; fileRef = 1AB315093CD645C3A9EFBE39 /* LynxpoImage.m */; };
		E5A4E06FD6A845ADA75FA5C7 /* LynxpoVideo.m in Sources */ = {isa = PBXBuildFile; fileRef = 89C561577E344EEB8FE45849 /* LynxpoVideo.m */; };
		0451F7EE784C486B8C40CBEF /* LynxpoGL.m in Sources */ = {isa = PBXBuildFile; fileRef = EC2C0077A8FD4DB58849E3DB /* LynxpoGL.m */; };
		9679BA3EDAFA47DDA0534CE3 /* LynxpoCamera.m in Sources */ = {isa = PBXBuildFile; fileRef = 124220C956C546EE9F9FA551 /* LynxpoCamera.m */; };
		E513842563314EC5B0AFEDCE /* LynxpoUIButton.m in Sources */ = {isa = PBXBuildFile; fileRef = 0E805057D4B0443DB933D0FE /* LynxpoUIButton.m */; };
		5F2AE33C2A45428085DF78B0 /* LynxpoWidgetCard.m in Sources */ = {isa = PBXBuildFile; fileRef = 99882087BAE342E09475306B /* LynxpoWidgetCard.m */; };
		D334A21D796187F7DE77E1FA /* HostTemplateProvider.h in Headers */ = {isa = PBXBuildFile; fileRef = C089B7D73B033434422ED746 /* HostTemplateProvider.h */; };
		E4F815C651632EE0A40E2CF0 /* HostViewController.m in Sources */ = {isa = PBXBuildFile; fileRef = B143953687F618D2C21B14A4 /* HostViewController.m */; };
		F082D49DA7910432E22AB5ED /* Foundation.framework in Frameworks */ = {isa = PBXBuildFile; fileRef = 76B3A0C0827F1AD20E3FDC30 /* Foundation.framework */; };
/* End PBXBuildFile section */

/* Begin PBXFileReference section */
		15E789A0BA3090C230FA3C94 /* Assets.xcassets */ = {isa = PBXFileReference; includeInIndex = 1; lastKnownFileType = folder.assetcatalog; name = Assets.xcassets; path = LynxpoHost/Assets.xcassets; sourceTree = "<group>"; };
		3067F418FCFB7161B47E1771 /* HostTemplateProvider.m */ = {isa = PBXFileReference; includeInIndex = 1; lastKnownFileType = sourcecode.c.objc; name = HostTemplateProvider.m; path = LynxpoHost/HostTemplateProvider.m; sourceTree = "<group>"; };
		12C835E81F724485BB16764D /* LynxpoLinearGradient.m */ = {isa = PBXFileReference; includeInIndex = 1; lastKnownFileType = sourcecode.c.objc; name = LynxpoLinearGradient.m; path = LynxpoHost/LynxpoLinearGradient.m; sourceTree = "<group>"; };
		38B608BB675D1F6CEE568D82 /* host.lynx.bundle */ = {isa = PBXFileReference; includeInIndex = 1; lastKnownFileType = "wrapper.plug-in"; name = host.lynx.bundle; path = LynxpoHost/host.lynx.bundle; sourceTree = "<group>"; };
		73322C1591B54B728657E7C7 /* LynxpoLinearGradient.h */ = {isa = PBXFileReference; includeInIndex = 1; lastKnownFileType = sourcecode.c.h; name = LynxpoLinearGradient.h; path = LynxpoHost/LynxpoLinearGradient.h; sourceTree = "<group>"; };
		76B3A0C0827F1AD20E3FDC30 /* Foundation.framework */ = {isa = PBXFileReference; lastKnownFileType = wrapper.framework; name = Foundation.framework; path = Platforms/iPhoneOS.platform/Developer/SDKs/iPhoneOS26.0.sdk/System/Library/Frameworks/Foundation.framework; sourceTree = DEVELOPER_DIR; };
		4B61A7685F5249279B227EAD /* LynxpoBlurView.m */ = {isa = PBXFileReference; includeInIndex = 1; lastKnownFileType = sourcecode.c.objc; name = LynxpoBlurView.m; path = LynxpoHost/LynxpoBlurView.m; sourceTree = "<group>"; };
		A20A4B0E376088DD365AFE69 /* Pods-LynxpoHost.debug.xcconfig */ = {isa = PBXFileReference; includeInIndex = 1; lastKnownFileType = text.xcconfig; name = "Pods-LynxpoHost.debug.xcconfig"; path = "Target Support Files/Pods-LynxpoHost/Pods-LynxpoHost.debug.xcconfig"; sourceTree = "<group>"; };
		D7D3611B3C5F448BB5C07D26 /* LynxpoBlurView.h */ = {isa = PBXFileReference; includeInIndex = 1; lastKnownFileType = sourcecode.c.h; name = LynxpoBlurView.h; path = LynxpoHost/LynxpoBlurView.h; sourceTree = "<group>"; };
		415A18CCC2B543148E9254E2 /* AVFoundation.framework */ = {isa = PBXFileReference; lastKnownFileType = wrapper.framework; name = AVFoundation.framework; path = System/Library/Frameworks/AVFoundation.framework; sourceTree = SDKROOT; };
		CB96DFAFC2494F92BD95BAD2 /* Metal.framework */ = {isa = PBXFileReference; lastKnownFileType = wrapper.framework; name = Metal.framework; path = System/Library/Frameworks/Metal.framework; sourceTree = SDKROOT; };
		96F7184652EB4C6E86AEBC96 /* LynxpoSymbols.m */ = {isa = PBXFileReference; includeInIndex = 1; lastKnownFileType = sourcecode.c.objc; name = LynxpoSymbols.m; path = LynxpoHost/LynxpoSymbols.m; sourceTree = "<group>"; };
		92DFDC7BDE7047E6890CA7AB /* LynxpoSymbols.h */ = {isa = PBXFileReference; includeInIndex = 1; lastKnownFileType = sourcecode.c.h; name = LynxpoSymbols.h; path = LynxpoHost/LynxpoSymbols.h; sourceTree = "<group>"; };
		CCB46FBF1E894275814B768D /* LynxpoCheckbox.m */ = {isa = PBXFileReference; includeInIndex = 1; lastKnownFileType = sourcecode.c.objc; name = LynxpoCheckbox.m; path = LynxpoHost/LynxpoCheckbox.m; sourceTree = "<group>"; };
		F87347ADC7A74952855FB121 /* LynxpoCheckbox.h */ = {isa = PBXFileReference; includeInIndex = 1; lastKnownFileType = sourcecode.c.h; name = LynxpoCheckbox.h; path = LynxpoHost/LynxpoCheckbox.h; sourceTree = "<group>"; };
		DDAE4DF230144C0092EDA42C /* LynxpoMeshGradient.m */ = {isa = PBXFileReference; includeInIndex = 1; lastKnownFileType = sourcecode.c.objc; name = LynxpoMeshGradient.m; path = LynxpoHost/LynxpoMeshGradient.m; sourceTree = "<group>"; };
		FBC84FC5FCA14128BB784A28 /* LynxpoMeshGradient.h */ = {isa = PBXFileReference; includeInIndex = 1; lastKnownFileType = sourcecode.c.h; name = LynxpoMeshGradient.h; path = LynxpoHost/LynxpoMeshGradient.h; sourceTree = "<group>"; };
		E6DEE5367AAB41309C5E68CE /* LynxpoGlassEffect.m */ = {isa = PBXFileReference; includeInIndex = 1; lastKnownFileType = sourcecode.c.objc; name = LynxpoGlassEffect.m; path = LynxpoHost/LynxpoGlassEffect.m; sourceTree = "<group>"; };
		9B9FBCB270FA4747BC26FBD5 /* LynxpoGlassEffect.h */ = {isa = PBXFileReference; includeInIndex = 1; lastKnownFileType = sourcecode.c.h; name = LynxpoGlassEffect.h; path = LynxpoHost/LynxpoGlassEffect.h; sourceTree = "<group>"; };
		1AB315093CD645C3A9EFBE39 /* LynxpoImage.m */ = {isa = PBXFileReference; includeInIndex = 1; lastKnownFileType = sourcecode.c.objc; name = LynxpoImage.m; path = LynxpoHost/LynxpoImage.m; sourceTree = "<group>"; };
		FA79439D66FD4270A2227775 /* LynxpoImage.h */ = {isa = PBXFileReference; includeInIndex = 1; lastKnownFileType = sourcecode.c.h; name = LynxpoImage.h; path = LynxpoHost/LynxpoImage.h; sourceTree = "<group>"; };
		89C561577E344EEB8FE45849 /* LynxpoVideo.m */ = {isa = PBXFileReference; includeInIndex = 1; lastKnownFileType = sourcecode.c.objc; name = LynxpoVideo.m; path = LynxpoHost/LynxpoVideo.m; sourceTree = "<group>"; };
		12E35666EAA345EBBE1C35EA /* LynxpoVideo.h */ = {isa = PBXFileReference; includeInIndex = 1; lastKnownFileType = sourcecode.c.h; name = LynxpoVideo.h; path = LynxpoHost/LynxpoVideo.h; sourceTree = "<group>"; };
		EC2C0077A8FD4DB58849E3DB /* LynxpoGL.m */ = {isa = PBXFileReference; includeInIndex = 1; lastKnownFileType = sourcecode.c.objc; name = LynxpoGL.m; path = LynxpoHost/LynxpoGL.m; sourceTree = "<group>"; };
		79E26ED60B744BB287E3FEC1 /* LynxpoGL.h */ = {isa = PBXFileReference; includeInIndex = 1; lastKnownFileType = sourcecode.c.h; name = LynxpoGL.h; path = LynxpoHost/LynxpoGL.h; sourceTree = "<group>"; };
		124220C956C546EE9F9FA551 /* LynxpoCamera.m */ = {isa = PBXFileReference; includeInIndex = 1; lastKnownFileType = sourcecode.c.objc; name = LynxpoCamera.m; path = LynxpoHost/LynxpoCamera.m; sourceTree = "<group>"; };
		4CC77E1DE36541E59F6BC318 /* LynxpoCamera.h */ = {isa = PBXFileReference; includeInIndex = 1; lastKnownFileType = sourcecode.c.h; name = LynxpoCamera.h; path = LynxpoHost/LynxpoCamera.h; sourceTree = "<group>"; };
		0E805057D4B0443DB933D0FE /* LynxpoUIButton.m */ = {isa = PBXFileReference; includeInIndex = 1; lastKnownFileType = sourcecode.c.objc; name = LynxpoUIButton.m; path = LynxpoHost/LynxpoUIButton.m; sourceTree = "<group>"; };
		C96ADC818CDB48358BBEF068 /* LynxpoUIButton.h */ = {isa = PBXFileReference; includeInIndex = 1; lastKnownFileType = sourcecode.c.h; name = LynxpoUIButton.h; path = LynxpoHost/LynxpoUIButton.h; sourceTree = "<group>"; };
		99882087BAE342E09475306B /* LynxpoWidgetCard.m */ = {isa = PBXFileReference; includeInIndex = 1; lastKnownFileType = sourcecode.c.objc; name = LynxpoWidgetCard.m; path = LynxpoHost/LynxpoWidgetCard.m; sourceTree = "<group>"; };
		5598280B1D8F482F8CA0BA75 /* LynxpoWidgetCard.h */ = {isa = PBXFileReference; includeInIndex = 1; lastKnownFileType = sourcecode.c.h; name = LynxpoWidgetCard.h; path = LynxpoHost/LynxpoWidgetCard.h; sourceTree = "<group>"; };
		AB31F23E78EBE5C803C9713F /* Pods-LynxpoHost.release.xcconfig */ = {isa = PBXFileReference; includeInIndex = 1; lastKnownFileType = text.xcconfig; name = "Pods-LynxpoHost.release.xcconfig"; path = "Target Support Files/Pods-LynxpoHost/Pods-LynxpoHost.release.xcconfig"; sourceTree = "<group>"; };
		B143953687F618D2C21B14A4 /* HostViewController.m */ = {isa = PBXFileReference; includeInIndex = 1; lastKnownFileType = sourcecode.c.objc; name = HostViewController.m; path = LynxpoHost/HostViewController.m; sourceTree = "<group>"; };
		C089B7D73B033434422ED746 /* HostTemplateProvider.h */ = {isa = PBXFileReference; includeInIndex = 1; lastKnownFileType = sourcecode.c.h; name = HostTemplateProvider.h; path = LynxpoHost/HostTemplateProvider.h; sourceTree = "<group>"; };
		C425F43A6E9C152A9FE92D73 /* Info.plist */ = {isa = PBXFileReference; includeInIndex = 1; lastKnownFileType = text.plist.xml; name = Info.plist; path = LynxpoHost/Info.plist; sourceTree = "<group>"; };
		E4C0FB6D5EBF995A11B22EC7 /* Pods_LynxpoHost.framework */ = {isa = PBXFileReference; explicitFileType = wrapper.framework; includeInIndex = 0; path = Pods_LynxpoHost.framework; sourceTree = BUILT_PRODUCTS_DIR; };
		F1709B168CEC976F7E17E829 /* main.m */ = {isa = PBXFileReference; includeInIndex = 1; lastKnownFileType = sourcecode.c.objc; name = main.m; path = LynxpoHost/main.m; sourceTree = "<group>"; };
		F5ACB9B1E76BF59BCBFB8579 /* LynxpoHost.app */ = {isa = PBXFileReference; explicitFileType = wrapper.application; includeInIndex = 0; path = LynxpoHost.app; sourceTree = BUILT_PRODUCTS_DIR; };
		FB868CEF7680D0C9A5D16C66 /* HostAppDelegate.m */ = {isa = PBXFileReference; includeInIndex = 1; lastKnownFileType = sourcecode.c.objc; name = HostAppDelegate.m; path = LynxpoHost/HostAppDelegate.m; sourceTree = "<group>"; };
/* End PBXFileReference section */

/* Begin PBXFrameworksBuildPhase section */
		355FFCF89F44E3D07EA06054 /* Frameworks */ = {
			isa = PBXFrameworksBuildPhase;
			buildActionMask = 2147483647;
			files = (
				F082D49DA7910432E22AB5ED /* Foundation.framework in Frameworks */,
				C02083DFBB681645A5749DB0 /* Pods_LynxpoHost.framework in Frameworks */,
			368DAE61F08D46CCB88AC808 /* AVFoundation.framework in Frameworks */,
			AD73329EFF3648B3A7912CF3 /* Metal.framework in Frameworks */,
			);
			runOnlyForDeploymentPostprocessing = 0;
		};
/* End PBXFrameworksBuildPhase section */

/* Begin PBXGroup section */
		035CCB6B305A04CC4D910754 /* Pods */ = {
			isa = PBXGroup;
			children = (
				AB31F23E78EBE5C803C9713F /* Pods-LynxpoHost.release.xcconfig */,
				A20A4B0E376088DD365AFE69 /* Pods-LynxpoHost.debug.xcconfig */,
			);
			name = Pods;
			path = Pods;
			sourceTree = "<group>";
		};
		0E2FC9318172DB614B5295E7 /* iOS */ = {
			isa = PBXGroup;
			children = (
				76B3A0C0827F1AD20E3FDC30 /* Foundation.framework */,
			415A18CCC2B543148E9254E2 /* AVFoundation.framework */,
			CB96DFAFC2494F92BD95BAD2 /* Metal.framework */,
			);
			name = iOS;
			sourceTree = "<group>";
		};
		19B34218FFBB460868C1435F /* Products */ = {
			isa = PBXGroup;
			children = (
				F5ACB9B1E76BF59BCBFB8579 /* LynxpoHost.app */,
			);
			name = Products;
			sourceTree = "<group>";
		};
		1CBBCD9C6A24E437E0293B29 = {
			isa = PBXGroup;
			children = (
				19B34218FFBB460868C1435F /* Products */,
				7B31E5881C7CFFBEE6495A3B /* Frameworks */,
				F1709B168CEC976F7E17E829 /* main.m */,
				FB868CEF7680D0C9A5D16C66 /* HostAppDelegate.m */,
				B143953687F618D2C21B14A4 /* HostViewController.m */,
				12C835E81F724485BB16764D /* LynxpoLinearGradient.m */,
				C425F43A6E9C152A9FE92D73 /* Info.plist */,
				73322C1591B54B728657E7C7 /* LynxpoLinearGradient.h */,
				15E789A0BA3090C230FA3C94 /* Assets.xcassets */,
				4B61A7685F5249279B227EAD /* LynxpoBlurView.m */,
				38B608BB675D1F6CEE568D82 /* host.lynx.bundle */,
				D7D3611B3C5F448BB5C07D26 /* LynxpoBlurView.h */,
			96F7184652EB4C6E86AEBC96 /* LynxpoSymbols.m */,
			92DFDC7BDE7047E6890CA7AB /* LynxpoSymbols.h */,
			CCB46FBF1E894275814B768D /* LynxpoCheckbox.m */,
			F87347ADC7A74952855FB121 /* LynxpoCheckbox.h */,
			DDAE4DF230144C0092EDA42C /* LynxpoMeshGradient.m */,
			FBC84FC5FCA14128BB784A28 /* LynxpoMeshGradient.h */,
			E6DEE5367AAB41309C5E68CE /* LynxpoGlassEffect.m */,
			9B9FBCB270FA4747BC26FBD5 /* LynxpoGlassEffect.h */,
			1AB315093CD645C3A9EFBE39 /* LynxpoImage.m */,
			FA79439D66FD4270A2227775 /* LynxpoImage.h */,
			89C561577E344EEB8FE45849 /* LynxpoVideo.m */,
			12E35666EAA345EBBE1C35EA /* LynxpoVideo.h */,
			EC2C0077A8FD4DB58849E3DB /* LynxpoGL.m */,
			79E26ED60B744BB287E3FEC1 /* LynxpoGL.h */,
			124220C956C546EE9F9FA551 /* LynxpoCamera.m */,
			4CC77E1DE36541E59F6BC318 /* LynxpoCamera.h */,
			0E805057D4B0443DB933D0FE /* LynxpoUIButton.m */,
			C96ADC818CDB48358BBEF068 /* LynxpoUIButton.h */,
			99882087BAE342E09475306B /* LynxpoWidgetCard.m */,
			5598280B1D8F482F8CA0BA75 /* LynxpoWidgetCard.h */,
				035CCB6B305A04CC4D910754 /* Pods */,
				3067F418FCFB7161B47E1771 /* HostTemplateProvider.m */,
				C089B7D73B033434422ED746 /* HostTemplateProvider.h */,
			);
			sourceTree = "<group>";
		};
		7B31E5881C7CFFBEE6495A3B /* Frameworks */ = {
			isa = PBXGroup;
			children = (
				0E2FC9318172DB614B5295E7 /* iOS */,
				E4C0FB6D5EBF995A11B22EC7 /* Pods_LynxpoHost.framework */,
			);
			name = Frameworks;
			sourceTree = "<group>";
		};
/* End PBXGroup section */

/* Begin PBXHeadersBuildPhase section */
		D62B93071F5E92A7208996D8 /* Headers */ = {
			isa = PBXHeadersBuildPhase;
			buildActionMask = 2147483647;
			files = (
				D334A21D796187F7DE77E1FA /* HostTemplateProvider.h in Headers */,
			);
			runOnlyForDeploymentPostprocessing = 0;
		};
/* End PBXHeadersBuildPhase section */

/* Begin PBXNativeTarget section */
		810FEF546D42058BF8AC79BE /* LynxpoHost */ = {
			isa = PBXNativeTarget;
			buildConfigurationList = E5753B7C0A592D6FE9F3F808 /* Build configuration list for PBXNativeTarget "LynxpoHost" */;
			buildPhases = (
				91EDEB1AAF7D82E4E8A32D4B /* [CP] Check Pods Manifest.lock */,
				DD99AEA99346B2765C42EF5B /* Sources */,
				355FFCF89F44E3D07EA06054 /* Frameworks */,
				911D3F87C6310F0538475B4F /* Resources */,
				44DC61094769648BED9CEA8A /* [CP] Copy Pods Resources */,
				D62B93071F5E92A7208996D8 /* Headers */,
			);
			buildRules = (
			);
			dependencies = (
			);
			name = LynxpoHost;
			productName = LynxpoHost;
			productReference = F5ACB9B1E76BF59BCBFB8579 /* LynxpoHost.app */;
			productType = "com.apple.product-type.application";
		};
/* End PBXNativeTarget section */

/* Begin PBXProject section */
		2B40856A544B03AE7BC04A43 /* Project object */ = {
			isa = PBXProject;
			attributes = {
				LastSwiftUpdateCheck = 1600;
				LastUpgradeCheck = 1600;
			};
			buildConfigurationList = 526C7B610125108A8A00F75A /* Build configuration list for PBXProject "LynxpoHost" */;
			compatibilityVersion = "Xcode 3.2";
			developmentRegion = en;
			hasScannedForEncodings = 0;
			knownRegions = (
				en,
				Base,
			);
			mainGroup = 1CBBCD9C6A24E437E0293B29;
			minimizedProjectReferenceProxies = 0;
			preferredProjectObjectVersion = 100;
			productRefGroup = 19B34218FFBB460868C1435F /* Products */;
			projectDirPath = "";
			projectRoot = "";
			targets = (
				810FEF546D42058BF8AC79BE /* LynxpoHost */,
			);
		};
/* End PBXProject section */

/* Begin PBXResourcesBuildPhase section */
		911D3F87C6310F0538475B4F /* Resources */ = {
			isa = PBXResourcesBuildPhase;
			buildActionMask = 2147483647;
			files = (
				411542FD7826D81DE5362E40 /* Assets.xcassets in Resources */,
				A8B246B0D163922E55FE045F /* host.lynx.bundle in Resources */,
			);
			runOnlyForDeploymentPostprocessing = 0;
		};
/* End PBXResourcesBuildPhase section */

/* Begin PBXShellScriptBuildPhase section */
		44DC61094769648BED9CEA8A /* [CP] Copy Pods Resources */ = {
			isa = PBXShellScriptBuildPhase;
			buildActionMask = 2147483647;
			files = (
			);
			inputPaths = (
				"${PODS_ROOT}/Target Support Files/Pods-LynxpoHost/Pods-LynxpoHost-resources.sh",
				"${PODS_CONFIGURATION_BUILD_DIR}/Lynx/LynxResources.bundle",
			);
			name = "[CP] Copy Pods Resources";
			outputPaths = (
				"${TARGET_BUILD_DIR}/${UNLOCALIZED_RESOURCES_FOLDER_PATH}/LynxResources.bundle",
			);
			runOnlyForDeploymentPostprocessing = 0;
			shellPath = /bin/sh;
			shellScript = "\"${PODS_ROOT}/Target Support Files/Pods-LynxpoHost/Pods-LynxpoHost-resources.sh\"\n";
			showEnvVarsInLog = 0;
		};
		91EDEB1AAF7D82E4E8A32D4B /* [CP] Check Pods Manifest.lock */ = {
			isa = PBXShellScriptBuildPhase;
			buildActionMask = 2147483647;
			files = (
			);
			inputFileListPaths = (
			);
			inputPaths = (
				"${PODS_PODFILE_DIR_PATH}/Podfile.lock",
				"${PODS_ROOT}/Manifest.lock",
			);
			name = "[CP] Check Pods Manifest.lock";
			outputFileListPaths = (
			);
			outputPaths = (
				"$(DERIVED_FILE_DIR)/Pods-LynxpoHost-checkManifestLockResult.txt",
			);
			runOnlyForDeploymentPostprocessing = 0;
			shellPath = /bin/sh;
			shellScript = "diff \"${PODS_PODFILE_DIR_PATH}/Podfile.lock\" \"${PODS_ROOT}/Manifest.lock\" > /dev/null\nif [ $? != 0 ] ; then\n    # print error to STDERR\n    echo \"error: The sandbox is not in sync with the Podfile.lock. Run 'pod install' or update your CocoaPods installation.\" >&2\n    exit 1\nfi\n# This output is used by Xcode 'outputs' to avoid re-running this script phase.\necho \"SUCCESS\" > \"${SCRIPT_OUTPUT_FILE_0}\"\n";
			showEnvVarsInLog = 0;
		};
/* End PBXShellScriptBuildPhase section */

/* Begin PBXSourcesBuildPhase section */
		DD99AEA99346B2765C42EF5B /* Sources */ = {
			isa = PBXSourcesBuildPhase;
			buildActionMask = 2147483647;
			files = (
				559B820FA9745BB0C923E30A /* main.m in Sources */,
				15409E2F41AEEA58B591C2D8 /* HostAppDelegate.m in Sources */,
				E4F815C651632EE0A40E2CF0 /* HostViewController.m in Sources */,
				11F4295C379C4DA2B3A4294B /* LynxpoLinearGradient.m in Sources */,
				53911800914859B7196D6427 /* HostTemplateProvider.m in Sources */,
				AF5FC784C9734508A31DA5A4 /* LynxpoBlurView.m in Sources */,
			5112F7AAB7AD4680A655CC37 /* LynxpoSymbols.m in Sources */,
			442951B1565D41FD8B9A6A43 /* LynxpoCheckbox.m in Sources */,
			1247C22BCB8A4885B4C4AFE7 /* LynxpoMeshGradient.m in Sources */,
			5D90A872F1A64E2490646D1F /* LynxpoGlassEffect.m in Sources */,
			897F1B986EBA4BC9B2C9129A /* LynxpoImage.m in Sources */,
			E5A4E06FD6A845ADA75FA5C7 /* LynxpoVideo.m in Sources */,
			0451F7EE784C486B8C40CBEF /* LynxpoGL.m in Sources */,
			9679BA3EDAFA47DDA0534CE3 /* LynxpoCamera.m in Sources */,
			E513842563314EC5B0AFEDCE /* LynxpoUIButton.m in Sources */,
			5F2AE33C2A45428085DF78B0 /* LynxpoWidgetCard.m in Sources */,
			);
			runOnlyForDeploymentPostprocessing = 0;
		};
/* End PBXSourcesBuildPhase section */

/* Begin XCBuildConfiguration section */
		3571454DFD675E1D60916E2B /* Debug */ = {
			isa = XCBuildConfiguration;
			buildSettings = {
				ALWAYS_SEARCH_USER_PATHS = NO;
				CLANG_ANALYZER_NONNULL = YES;
				CLANG_ANALYZER_NUMBER_OBJECT_CONVERSION = YES_AGGRESSIVE;
				CLANG_CXX_LANGUAGE_STANDARD = "gnu++14";
				CLANG_CXX_LIBRARY = "libc++";
				CLANG_ENABLE_MODULES = YES;
				CLANG_ENABLE_OBJC_ARC = YES;
				CLANG_ENABLE_OBJC_WEAK = YES;
				CLANG_WARN_BLOCK_CAPTURE_AUTORELEASING = YES;
				CLANG_WARN_BOOL_CONVERSION = YES;
				CLANG_WARN_COMMA = YES;
				CLANG_WARN_CONSTANT_CONVERSION = YES;
				CLANG_WARN_DEPRECATED_OBJC_IMPLEMENTATIONS = YES;
				CLANG_WARN_DIRECT_OBJC_ISA_USAGE = YES_ERROR;
				CLANG_WARN_DOCUMENTATION_COMMENTS = YES;
				CLANG_WARN_EMPTY_BODY = YES;
				CLANG_WARN_ENUM_CONVERSION = YES;
				CLANG_WARN_INFINITE_RECURSION = YES;
				CLANG_WARN_INT_CONVERSION = YES;
				CLANG_WARN_NON_LITERAL_NULL_CONVERSION = YES;
				CLANG_WARN_OBJC_IMPLICIT_RETAIN_SELF = YES;
				CLANG_WARN_OBJC_LITERAL_CONVERSION = YES;
				CLANG_WARN_OBJC_ROOT_CLASS = YES_ERROR;
				CLANG_WARN_QUOTED_INCLUDE_IN_FRAMEWORK_HEADER = YES;
				CLANG_WARN_RANGE_LOOP_ANALYSIS = YES;
				CLANG_WARN_STRICT_PROTOTYPES = YES;
				CLANG_WARN_SUSPICIOUS_MOVE = YES;
				CLANG_WARN_UNGUARDED_AVAILABILITY = YES_AGGRESSIVE;
				CLANG_WARN_UNREACHABLE_CODE = YES;
				CLANG_WARN__DUPLICATE_METHOD_MATCH = YES;
				COPY_PHASE_STRIP = NO;
				DEBUG_INFORMATION_FORMAT = dwarf;
				ENABLE_STRICT_OBJC_MSGSEND = YES;
				ENABLE_TESTABILITY = YES;
				GCC_C_LANGUAGE_STANDARD = gnu11;
				GCC_DYNAMIC_NO_PIC = NO;
				GCC_NO_COMMON_BLOCKS = YES;
				GCC_OPTIMIZATION_LEVEL = 0;
				GCC_PREPROCESSOR_DEFINITIONS = (
					"DEBUG=1",
					"$(inherited)",
				);
				GCC_WARN_64_TO_32_BIT_CONVERSION = YES;
				GCC_WARN_ABOUT_RETURN_TYPE = YES_ERROR;
				GCC_WARN_UNDECLARED_SELECTOR = YES;
				GCC_WARN_UNINITIALIZED_AUTOS = YES_AGGRESSIVE;
				GCC_WARN_UNUSED_FUNCTION = YES;
				GCC_WARN_UNUSED_VARIABLE = YES;
				MTL_ENABLE_DEBUG_INFO = INCLUDE_SOURCE;
				MTL_FAST_MATH = YES;
				ONLY_ACTIVE_ARCH = YES;
				PRODUCT_NAME = "$(TARGET_NAME)";
				SWIFT_ACTIVE_COMPILATION_CONDITIONS = DEBUG;
				SWIFT_OPTIMIZATION_LEVEL = "-Onone";
				SWIFT_VERSION = 5.0;
			};
			name = Debug;
		};
		6D9CDDA66049361FDF47EB2E /* Debug */ = {
			isa = XCBuildConfiguration;
			baseConfigurationReference = A20A4B0E376088DD365AFE69 /* Pods-LynxpoHost.debug.xcconfig */;
			buildSettings = {
				ASSETCATALOG_COMPILER_APPICON_NAME = AppIcon;
				ASSETCATALOG_COMPILER_GLOBAL_ACCENT_COLOR_NAME = AccentColor;
				CLANG_ENABLE_OBJC_WEAK = NO;
				CODE_SIGNING_ALLOWED = NO;
				CODE_SIGN_STYLE = Manual;
				DEVELOPMENT_TEAM = "";
				ENABLE_BITCODE = NO;
				FRONTEND_LANGUAGE = "";
				INFOPLIST_FILE = LynxpoHost/Info.plist;
				IPHONEOS_DEPLOYMENT_TARGET = 15.0;
				LD_RUNPATH_SEARCH_PATHS = "$(inherited) @executable_path/Frameworks";
				LIBRARY_SEARCH_PATHS = (
					"$(inherited)",
					"$(SDKROOT)/usr/lib/swift",
				);
				ONLY_ACTIVE_ARCH = YES;
				PRODUCT_BUNDLE_IDENTIFIER = org.lynxpo.host;
				PRODUCT_NAME = "$(TARGET_NAME)";
				SDKROOT = iphoneos;
				TARGETED_DEVICE_FAMILY = "1,2";
				VALID_ARCHS = arm64;
			};
			name = Debug;
		};
		C1980D008D25D96628BA4CD5 /* Release */ = {
			isa = XCBuildConfiguration;
			buildSettings = {
				ALWAYS_SEARCH_USER_PATHS = NO;
				CLANG_ANALYZER_NONNULL = YES;
				CLANG_ANALYZER_NUMBER_OBJECT_CONVERSION = YES_AGGRESSIVE;
				CLANG_CXX_LANGUAGE_STANDARD = "gnu++14";
				CLANG_CXX_LIBRARY = "libc++";
				CLANG_ENABLE_MODULES = YES;
				CLANG_ENABLE_OBJC_ARC = YES;
				CLANG_ENABLE_OBJC_WEAK = YES;
				CLANG_WARN_BLOCK_CAPTURE_AUTORELEASING = YES;
				CLANG_WARN_BOOL_CONVERSION = YES;
				CLANG_WARN_COMMA = YES;
				CLANG_WARN_CONSTANT_CONVERSION = YES;
				CLANG_WARN_DEPRECATED_OBJC_IMPLEMENTATIONS = YES;
				CLANG_WARN_DIRECT_OBJC_ISA_USAGE = YES_ERROR;
				CLANG_WARN_DOCUMENTATION_COMMENTS = YES;
				CLANG_WARN_EMPTY_BODY = YES;
				CLANG_WARN_ENUM_CONVERSION = YES;
				CLANG_WARN_INFINITE_RECURSION = YES;
				CLANG_WARN_INT_CONVERSION = YES;
				CLANG_WARN_NON_LITERAL_NULL_CONVERSION = YES;
				CLANG_WARN_OBJC_IMPLICIT_RETAIN_SELF = YES;
				CLANG_WARN_OBJC_LITERAL_CONVERSION = YES;
				CLANG_WARN_OBJC_ROOT_CLASS = YES_ERROR;
				CLANG_WARN_QUOTED_INCLUDE_IN_FRAMEWORK_HEADER = YES;
				CLANG_WARN_RANGE_LOOP_ANALYSIS = YES;
				CLANG_WARN_STRICT_PROTOTYPES = YES;
				CLANG_WARN_SUSPICIOUS_MOVE = YES;
				CLANG_WARN_UNGUARDED_AVAILABILITY = YES_AGGRESSIVE;
				CLANG_WARN_UNREACHABLE_CODE = YES;
				CLANG_WARN__DUPLICATE_METHOD_MATCH = YES;
				COPY_PHASE_STRIP = NO;
				DEBUG_INFORMATION_FORMAT = "dwarf-with-dsym";
				ENABLE_NS_ASSERTIONS = NO;
				ENABLE_STRICT_OBJC_MSGSEND = YES;
				GCC_C_LANGUAGE_STANDARD = gnu11;
				GCC_NO_COMMON_BLOCKS = YES;
				GCC_WARN_64_TO_32_BIT_CONVERSION = YES;
				GCC_WARN_ABOUT_RETURN_TYPE = YES_ERROR;
				GCC_WARN_UNDECLARED_SELECTOR = YES;
				GCC_WARN_UNINITIALIZED_AUTOS = YES_AGGRESSIVE;
				GCC_WARN_UNUSED_FUNCTION = YES;
				GCC_WARN_UNUSED_VARIABLE = YES;
				MTL_ENABLE_DEBUG_INFO = NO;
				MTL_FAST_MATH = YES;
				PRODUCT_NAME = "$(TARGET_NAME)";
				SWIFT_COMPILATION_MODE = wholemodule;
				SWIFT_OPTIMIZATION_LEVEL = "-O";
				SWIFT_VERSION = 5.0;
			};
			name = Release;
		};
		CDBC0C4585FBFA0F80A41AAE /* Release */ = {
			isa = XCBuildConfiguration;
			baseConfigurationReference = AB31F23E78EBE5C803C9713F /* Pods-LynxpoHost.release.xcconfig */;
			buildSettings = {
				ASSETCATALOG_COMPILER_APPICON_NAME = AppIcon;
				ASSETCATALOG_COMPILER_GLOBAL_ACCENT_COLOR_NAME = AccentColor;
				CLANG_ENABLE_OBJC_WEAK = NO;
				CODE_SIGNING_ALLOWED = NO;
				CODE_SIGN_STYLE = Manual;
				DEVELOPMENT_TEAM = "";
				ENABLE_BITCODE = NO;
				FRONTEND_LANGUAGE = "";
				INFOPLIST_FILE = LynxpoHost/Info.plist;
				IPHONEOS_DEPLOYMENT_TARGET = 15.0;
				LD_RUNPATH_SEARCH_PATHS = "$(inherited) @executable_path/Frameworks";
				LIBRARY_SEARCH_PATHS = (
					"$(inherited)",
					"$(SDKROOT)/usr/lib/swift",
				);
				ONLY_ACTIVE_ARCH = YES;
				PRODUCT_BUNDLE_IDENTIFIER = org.lynxpo.host;
				PRODUCT_NAME = "$(TARGET_NAME)";
				SDKROOT = iphoneos;
				TARGETED_DEVICE_FAMILY = "1,2";
				VALIDATE_PRODUCT = YES;
				VALID_ARCHS = arm64;
			};
			name = Release;
		};
/* End XCBuildConfiguration section */

/* Begin XCConfigurationList section */
		526C7B610125108A8A00F75A /* Build configuration list for PBXProject "LynxpoHost" */ = {
			isa = XCConfigurationList;
			buildConfigurations = (
				3571454DFD675E1D60916E2B /* Debug */,
				C1980D008D25D96628BA4CD5 /* Release */,
			);
			defaultConfigurationIsVisible = 0;
			defaultConfigurationName = Release;
		};
		E5753B7C0A592D6FE9F3F808 /* Build configuration list for PBXNativeTarget "LynxpoHost" */ = {
			isa = XCConfigurationList;
			buildConfigurations = (
				CDBC0C4585FBFA0F80A41AAE /* Release */,
				6D9CDDA66049361FDF47EB2E /* Debug */,
			);
			defaultConfigurationIsVisible = 0;
			defaultConfigurationName = Release;
		};
/* End XCConfigurationList section */
	};
	rootObject = 2B40856A544B03AE7BC04A43 /* Project object */;
}
